
Microsoft Visual Studio Solution File, Format Version 12.00
# Visual Studio 15
VisualStudioVersion = 15.0.28010.2016
MinimumVisualStudioVersion = 10.0.40219.1
Project("{FAE04EC0-301F-11D3-BF4B-00C04F79EFBC}") = "snake", "snake\snake.csproj", "{F6C0344D-42BB-4003-8B70-F5B67BA898EC}"
EndProject
Global
	GlobalSection(SolutionConfigurationPlatforms) = preSolution
		Debug|Any CPU = Debug|Any CPU
		Release|Any CPU = Release|Any CPU
	EndGlobalSection
	GlobalSection(ProjectConfigurationPlatforms) = postSolution
		{F6C0344D-42BB-4003-8B70-F5B67BA898EC}.Debug|Any CPU.ActiveCfg = Debug|Any CPU
		{F6C0344D-42BB-4003-8B70-F5B67BA898EC}.Debug|Any CPU.Build.0 = Debug|Any CPU
		{F6C0344D-42BB-4003-8B70-F5B67BA898EC}.Release|Any CPU.ActiveCfg = Release|Any CPU
		{F6C0344D-42BB-4003-8B70-F5B67BA898EC}.Release|Any CPU.Build.0 = Release|Any CPU
	EndGlobalSection
	GlobalSection(SolutionProperties) = preSolution
		HideSolutionNode = FALSE
	EndGlobalSection
	GlobalSection(ExtensibilityGlobals) = postSolution
		SolutionGuid = {3C43268B-AB34-4011-B04E-FD79D1FE8120}
	EndGlobalSection
EndGlobal
